
Microsoft Visual Studio Solution File, Format Version 12.00
# Visual Studio Version 16
VisualStudioVersion = 16.0.30523.141
MinimumVisualStudioVersion = 10.0.40219.1
Project("{FAE04EC0-301F-11D3-BF4B-00C04F79EFBC}") = "AzureBlobManager", "AzureBlobManager\AzureBlobManager.csproj", "{B06E5AA9-D010-4A32-ABA3-93A3AE01EAB1}"
EndProject
Global
	GlobalSection(SolutionConfigurationPlatforms) = preSolution
		Debug|Any CPU = Debug|Any CPU
		Release|Any CPU = Release|Any CPU
	EndGlobalSection
	GlobalSection(ProjectConfigurationPlatforms) = postSolution
		{B06E5AA9-D010-4A32-ABA3-93A3AE01EAB1}.Debug|Any CPU.ActiveCfg = Debug|Any CPU
		{B06E5AA9-D010-4A32-ABA3-93A3AE01EAB1}.Debug|Any CPU.Build.0 = Debug|Any CPU
		{B06E5AA9-D010-4A32-ABA3-93A3AE01EAB1}.Release|Any CPU.ActiveCfg = Release|Any CPU
		{B06E5AA9-D010-4A32-ABA3-93A3AE01EAB1}.Release|Any CPU.Build.0 = Release|Any CPU
	EndGlobalSection
	GlobalSection(SolutionProperties) = preSolution
		HideSolutionNode = FALSE
	EndGlobalSection
	GlobalSection(ExtensibilityGlobals) = postSolution
		SolutionGuid = {A9977488-4519-4FB5-B762-DC4C84C9AD7F}
	EndGlobalSection
EndGlobal
